// !$*UTF8*$!
{
	archiveVersion = 1;
	classes = {
	};
	objectVersion = 50;
	objects = {

/* Begin PBXBuildFile section */
		6406ADC82678AF2100F75208 /* AppDelegate.swift in Sources */ = {isa = PBXBuildFile; fileRef = 6406ADC72678AF2100F75208 /* AppDelegate.swift */; };
		6406ADCA2678AF2100F75208 /* SceneDelegate.swift in Sources */ = {isa = PBXBuildFile; fileRef = 6406ADC92678AF2100F75208 /* SceneDelegate.swift */; };
		6406ADCC2678AF2100F75208 /* ContentView.swift in Sources */ = {isa = PBXBuildFile; fileRef = 6406ADCB2678AF2100F75208 /* ContentView.swift */; };
		6406ADCE2678AF2500F75208 /* Assets.xcassets in Resources */ = {isa = PBXBuildFile; fileRef = 6406ADCD2678AF2500F75208 /* Assets.xcassets */; };
		6406ADD12678AF2500F75208 /* Preview Assets.xcassets in Resources */ = {isa = PBXBuildFile; fileRef = 6406ADD02678AF2500F75208 /* Preview Assets.xcassets */; };
		6406ADD42678AF2500F75208 /* LaunchScreen.storyboard in Resources */ = {isa = PBXBuildFile; fileRef = 6406ADD22678AF2500F75208 /* LaunchScreen.storyboard */; };
/* End PBXBuildFile section */

/* Begin PBXFileReference section */
		6406ADC42678AF2100F75208 /* geometryreaderUI.app */ = {isa = PBXFileReference; explicitFileType = wrapper.application; includeInIndex = 0; path = geometryreaderUI.app; sourceTree = BUILT_PRODUCTS_DIR; };
		6406ADC72678AF2100F75208 /* AppDelegate.swift */ = {isa = PBXFileReference; lastKnownFileType = sourcecode.swift; path = AppDelegate.swift; sourceTree = "<group>"; };
		6406ADC92678AF2100F75208 /* SceneDelegate.swift */ = {isa = PBXFileReference; lastKnownFileType = sourcecode.swift; path = SceneDelegate.swift; sourceTree = "<group>"; };
		6406ADCB2678AF2100F75208 /* ContentView.swift */ = {isa = PBXFileReference; lastKnownFileType = sourcecode.swift; path = ContentView.swift; sourceTree = "<group>"; };
		6406ADCD2678AF2500F75208 /* Assets.xcassets */ = {isa = PBXFileReference; lastKnownFileType = folder.assetcatalog; path = Assets.xcassets; sourceTree = "<group>"; };
		6406ADD02678AF2500F75208 /* Preview Assets.xcassets */ = {isa = PBXFileReference; lastKnownFileType = folder.assetcatalog; path = "Preview Assets.xcassets"; sourceTree = "<group>"; };
		6406ADD32678AF2500F75208 /* Base */ = {isa = PBXFileReference; lastKnownFileType = file.storyboard; name = Base; path = Base.lproj/LaunchScreen.storyboard; sourceTree = "<group>"; };
		6406ADD52678AF2500F75208 /* Info.plist */ = {isa = PBXFileReference; lastKnownFileType = text.plist.xml; path = Info.plist; sourceTree = "<group>"; };
/* End PBXFileReference section */

/* Begin PBXFrameworksBuildPhase section */
		6406ADC12678AF2100F75208 /* Frameworks */ = {
			isa = PBXFrameworksBuildPhase;
			buildActionMask = 2147483647;
			files = (
			);
			runOnlyForDeploymentPostprocessing = 0;
		};
/* End PBXFrameworksBuildPhase section */

/* Begin PBXGroup section */
		6406ADBB2678AF2100F75208 = {
			isa = PBXGroup;
			children = (
				6406ADC62678AF2100F75208 /* geometryreaderUI */,
				6406ADC52678AF2100F75208 /* Products */,
			);
			sourceTree = "<group>";
		};
		6406ADC52678AF2100F75208 /* Products */ = {
			isa = PBXGroup;
			children = (
				6406ADC42678AF2100F75208 /* geometryreaderUI.app */,
			);
			name = Products;
			sourceTree = "<group>";
		};
		6406ADC62678AF2100F75208 /* geometryreaderUI */ = {
			isa = PBXGroup;
			children = (
				6406ADC72678AF2100F75208 /* AppDelegate.swift */,
				6406ADC92678AF2100F75208 /* SceneDelegate.swift */,
				6406ADCB2678AF2100F75208 /* ContentView.swift */,
				6406ADCD2678AF2500F75208 /* Assets.xcassets */,
				6406ADD22678AF2500F75208 /* LaunchScreen.storyboard */,
				6406ADD52678AF2500F75208 /* Info.plist */,
				6406ADCF2678AF2500F75208 /* Preview Content */,
			);
			path = geometryreaderUI;
			sourceTree = "<group>";
		};
		6406ADCF2678AF2500F75208 /* Preview Content */ = {
			isa = PBXGroup;
			children = (
				6406ADD02678AF2500F75208 /* Preview Assets.xcassets */,
			);
			path = "Preview Content";
			sourceTree = "<group>";
		};
/* End PBXGroup section */

/* Begin PBXNativeTarget section */
		6406ADC32678AF2100F75208 /* geometryreaderUI */ = {
			isa = PBXNativeTarget;
			buildConfigurationList = 6406ADD82678AF2500F75208 /* Build configuration list for PBXNativeTarget "geometryreaderUI" */;
			buildPhases = (
				6406ADC02678AF2100F75208 /* Sources */,
				6406ADC12678AF2100F75208 /* Frameworks */,
				6406ADC22678AF2100F75208 /* Resources */,
			);
			buildRules = (
			);
			dependencies = (
			);
			name = geometryreaderUI;
			productName = geometryreaderUI;
			productReference = 6406ADC42678AF2100F75208 /* geometryreaderUI.app */;
			productType = "com.apple.product-type.application";
		};
/* End PBXNativeTarget section */

/* Begin PBXProject section */
		6406ADBC2678AF2100F75208 /* Project object */ = {
			isa = PBXProject;
			attributes = {
				LastSwiftUpdateCheck = 1230;
				LastUpgradeCheck = 1230;
				TargetAttributes = {
					6406ADC32678AF2100F75208 = {
						CreatedOnToolsVersion = 12.3;
					};
				};
			};
			buildConfigurationList = 6406ADBF2678AF2100F75208 /* Build configuration list for PBXProject "geometryreaderUI" */;
			compatibilityVersion = "Xcode 9.3";
			developmentRegion = en;
			hasScannedForEncodings = 0;
			knownRegions = (
				en,
				Base,
			);
			mainGroup = 6406ADBB2678AF2100F75208;
			productRefGroup = 6406ADC52678AF2100F75208 /* Products */;
			projectDirPath = "";
			projectRoot = "";
			targets = (
				6406ADC32678AF2100F75208 /* geometryreaderUI */,
			);
		};
/* End PBXProject section */

/* Begin PBXResourcesBuildPhase section */
		6406ADC22678AF2100F75208 /* Resources */ = {
			isa = PBXResourcesBuildPhase;
			buildActionMask = 2147483647;
			files = (
				6406ADD42678AF2500F75208 /* LaunchScreen.storyboard in Resources */,
				6406ADD12678AF2500F75208 /* Preview Assets.xcassets in Resources */,
				6406ADCE2678AF2500F75208 /* Assets.xcassets in Resources */,
			);
			runOnlyForDeploymentPostprocessing = 0;
		};
/* End PBXResourcesBuildPhase section */

/* Begin PBXSourcesBuildPhase section */
		6406ADC02678AF2100F75208 /* Sources */ = {
			isa = PBXSourcesBuildPhase;
			buildActionMask = 2147483647;
			files = (
				6406ADC82678AF2100F75208 /* AppDelegate.swift in Sources */,
				6406ADCA2678AF2100F75208 /* SceneDelegate.swift in Sources */,
				6406ADCC2678AF2100F75208 /* ContentView.swift in Sources */,
			);
			runOnlyForDeploymentPostprocessing = 0;
		};
/* End PBXSourcesBuildPhase section */

/* Begin PBXVariantGroup section */
		6406ADD22678AF2500F75208 /* LaunchScreen.storyboard */ = {
			isa = PBXVariantGroup;
			children = (
				6406ADD32678AF2500F75208 /* Base */,
			);
			name = LaunchScreen.storyboard;
			sourceTree = "<group>";
		};
/* End PBXVariantGroup section */

/* Begin XCBuildConfiguration section */
		6406ADD62678AF2500F75208 /* Debug */ = {
			isa = XCBuildConfiguration;
			buildSettings = {
				ALWAYS_SEARCH_USER_PATHS = NO;
				CLANG_ANALYZER_NONNULL = YES;
				CLANG_ANALYZER_NUMBER_OBJECT_CONVERSION = YES_AGGRESSIVE;
				CLANG_CXX_LANGUAGE_STANDARD = "gnu++14";
				CLANG_CXX_LIBRARY = "libc++";
				CLANG_ENABLE_MODULES = YES;
				CLANG_ENABLE_OBJC_ARC = YES;
				CLANG_ENABLE_OBJC_WEAK = YES;
				CLANG_WARN_BLOCK_CAPTURE_AUTORELEASING = YES;
				CLANG_WARN_BOOL_CONVERSION = YES;
				CLANG_WARN_COMMA = YES;
				CLANG_WARN_CONSTANT_CONVERSION = YES;
				CLANG_WARN_DEPRECATED_OBJC_IMPLEMENTATIONS = YES;
				CLANG_WARN_DIRECT_OBJC_ISA_USAGE = YES_ERROR;
				CLANG_WARN_DOCUMENTATION_COMMENTS = YES;
				CLANG_WARN_EMPTY_BODY = YES;
				CLANG_WARN_ENUM_CONVERSION = YES;
				CLANG_WARN_INFINITE_RECURSION = YES;
				CLANG_WARN_INT_CONVERSION = YES;
				CLANG_WARN_NON_LITERAL_NULL_CONVERSION = YES;
				CLANG_WARN_OBJC_IMPLICIT_RETAIN_SELF = YES;
				CLANG_WARN_OBJC_LITERAL_CONVERSION = YES;
				CLANG_WARN_OBJC_ROOT_CLASS = YES_ERROR;
				CLANG_WARN_QUOTED_INCLUDE_IN_FRAMEWORK_HEADER = YES;
				CLANG_WARN_RANGE_LOOP_ANALYSIS = YES;
				CLANG_WARN_STRICT_PROTOTYPES = YES;
				CLANG_WARN_SUSPICIOUS_MOVE = YES;
				CLANG_WARN_UNGUARDED_AVAILABILITY = YES_AGGRESSIVE;
				CLANG_WARN_UNREACHABLE_CODE = YES;
				CLANG_WARN__DUPLICATE_METHOD_MATCH = YES;
				COPY_PHASE_STRIP = NO;
				DEBUG_INFORMATION_FORMAT = dwarf;
				ENABLE_STRICT_OBJC_MSGSEND = YES;
				ENABLE_TESTABILITY = YES;
				GCC_C_LANGUAGE_STANDARD = gnu11;
				GCC_DYNAMIC_NO_PIC = NO;
				GCC_NO_COMMON_BLOCKS = YES;
				GCC_OPTIMIZATION_LEVEL = 0;
				GCC_PREPROCESSOR_DEFINITIONS = (
					"DEBUG=1",
					"$(inherited)",
				);
				GCC_WARN_64_TO_32_BIT_CONVERSION = YES;
				GCC_WARN_ABOUT_RETURN_TYPE = YES_ERROR;
				GCC_WARN_UNDECLARED_SELECTOR = YES;
				GCC_WARN_UNINITIALIZED_AUTOS = YES_AGGRESSIVE;
				GCC_WARN_UNUSED_FUNCTION = YES;
				GCC_WARN_UNUSED_VARIABLE = YES;
				IPHONEOS_DEPLOYMENT_TARGET = 14.3;
				MTL_ENABLE_DEBUG_INFO = INCLUDE_SOURCE;
				MTL_FAST_MATH = YES;
				ONLY_ACTIVE_ARCH = YES;
				SDKROOT = iphoneos;
				SWIFT_ACTIVE_COMPILATION_CONDITIONS = DEBUG;
				SWIFT_OPTIMIZATION_LEVEL = "-Onone";
			};
			name = Debug;
		};
		6406ADD72678AF2500F75208 /* Release */ = {
			isa = XCBuildConfiguration;
			buildSettings = {
				ALWAYS_SEARCH_USER_PATHS = NO;
				CLANG_ANALYZER_NONNULL = YES;
				CLANG_ANALYZER_NUMBER_OBJECT_CONVERSION = YES_AGGRESSIVE;
				CLANG_CXX_LANGUAGE_STANDARD = "gnu++14";
				CLANG_CXX_LIBRARY = "libc++";
				CLANG_ENABLE_MODULES = YES;
				CLANG_ENABLE_OBJC_ARC = YES;
				CLANG_ENABLE_OBJC_WEAK = YES;
				CLANG_WARN_BLOCK_CAPTURE_AUTORELEASING = YES;
				CLANG_WARN_BOOL_CONVERSION = YES;
				CLANG_WARN_COMMA = YES;
				CLANG_WARN_CONSTANT_CONVERSION = YES;
				CLANG_WARN_DEPRECATED_OBJC_IMPLEMENTATIONS = YES;
				CLANG_WARN_DIRECT_OBJC_ISA_USAGE = YES_ERROR;
				CLANG_WARN_DOCUMENTATION_COMMENTS = YES;
				CLANG_WARN_EMPTY_BODY = YES;
				CLANG_WARN_ENUM_CONVERSION = YES;
				CLANG_WARN_INFINITE_RECURSION = YES;
				CLANG_WARN_INT_CONVERSION = YES;
				CLANG_WARN_NON_LITERAL_NULL_CONVERSION = YES;
				CLANG_WARN_OBJC_IMPLICIT_RETAIN_SELF = YES;
				CLANG_WARN_OBJC_LITERAL_CONVERSION = YES;
				CLANG_WARN_OBJC_ROOT_CLASS = YES_ERROR;
				CLANG_WARN_QUOTED_INCLUDE_IN_FRAMEWORK_HEADER = YES;
				CLANG_WARN_RANGE_LOOP_ANALYSIS = YES;
				CLANG_WARN_STRICT_PROTOTYPES = YES;
				CLANG_WARN_SUSPICIOUS_MOVE = YES;
				CLANG_WARN_UNGUARDED_AVAILABILITY = YES_AGGRESSIVE;
				CLANG_WARN_UNREACHABLE_CODE = YES;
				CLANG_WARN__DUPLICATE_METHOD_MATCH = YES;
				COPY_PHASE_STRIP = NO;
				DEBUG_INFORMATION_FORMAT = "dwarf-with-dsym";
				ENABLE_NS_ASSERTIONS = NO;
				ENABLE_STRICT_OBJC_MSGSEND = YES;
				GCC_C_LANGUAGE_STANDARD = gnu11;
				GCC_NO_COMMON_BLOCKS = YES;
				GCC_WARN_64_TO_32_BIT_CONVERSION = YES;
				GCC_WARN_ABOUT_RETURN_TYPE = YES_ERROR;
				GCC_WARN_UNDECLARED_SELECTOR = YES;
				GCC_WARN_UNINITIALIZED_AUTOS = YES_AGGRESSIVE;
				GCC_WARN_UNUSED_FUNCTION = YES;
				GCC_WARN_UNUSED_VARIABLE = YES;
				IPHONEOS_DEPLOYMENT_TARGET = 14.3;
				MTL_ENABLE_DEBUG_INFO = NO;
				MTL_FAST_MATH = YES;
				SDKROOT = iphoneos;
				SWIFT_COMPILATION_MODE = wholemodule;
				SWIFT_OPTIMIZATION_LEVEL = "-O";
				VALIDATE_PRODUCT = YES;
			};
			name = Release;
		};
		6406ADD92678AF2500F75208 /* Debug */ = {
			isa = XCBuildConfiguration;
			buildSettings = {
				ASSETCATALOG_COMPILER_APPICON_NAME = AppIcon;
				ASSETCATALOG_COMPILER_GLOBAL_ACCENT_COLOR_NAME = AccentColor;
				CODE_SIGN_STYLE = Automatic;
				DEVELOPMENT_ASSET_PATHS = "\"geometryreaderUI/Preview Content\"";
				DEVELOPMENT_TEAM = ADGVHR56U4;
				ENABLE_PREVIEWS = YES;
				INFOPLIST_FILE = geometryreaderUI/Info.plist;
				LD_RUNPATH_SEARCH_PATHS = (
					"$(inherited)",
					"@executable_path/Frameworks",
				);
				PRODUCT_BUNDLE_IDENTIFIER = net.growdev.geometryreaderUI;
				PRODUCT_NAME = "$(TARGET_NAME)";
				SWIFT_VERSION = 5.0;
				TARGETED_DEVICE_FAMILY = "1,2";
			};
			name = Debug;
		};
		6406ADDA2678AF2500F75208 /* Release */ = {
			isa = XCBuildConfiguration;
			buildSettings = {
				ASSETCATALOG_COMPILER_APPICON_NAME = AppIcon;
				ASSETCATALOG_COMPILER_GLOBAL_ACCENT_COLOR_NAME = AccentColor;
				CODE_SIGN_STYLE = Automatic;
				DEVELOPMENT_ASSET_PATHS = "\"geometryreaderUI/Preview Content\"";
				DEVELOPMENT_TEAM = ADGVHR56U4;
				ENABLE_PREVIEWS = YES;
				INFOPLIST_FILE = geometryreaderUI/Info.plist;
				LD_RUNPATH_SEARCH_PATHS = (
					"$(inherited)",
					"@executable_path/Frameworks",
				);
				PRODUCT_BUNDLE_IDENTIFIER = net.growdev.geometryreaderUI;
				PRODUCT_NAME = "$(TARGET_NAME)";
				SWIFT_VERSION = 5.0;
				TARGETED_DEVICE_FAMILY = "1,2";
			};
			name = Release;
		};
/* End XCBuildConfiguration section */

/* Begin XCConfigurationList section */
		6406ADBF2678AF2100F75208 /* Build configuration list for PBXProject "geometryreaderUI" */ = {
			isa = XCConfigurationList;
			buildConfigurations = (
				6406ADD62678AF2500F75208 /* Debug */,
				6406ADD72678AF2500F75208 /* Release */,
			);
			defaultConfigurationIsVisible = 0;
			defaultConfigurationName = Release;
		};
		6406ADD82678AF2500F75208 /* Build configuration list for PBXNativeTarget "geometryreaderUI" */ = {
			isa = XCConfigurationList;
			buildConfigurations = (
				6406ADD92678AF2500F75208 /* Debug */,
				6406ADDA2678AF2500F75208 /* Release */,
			);
			defaultConfigurationIsVisible = 0;
			defaultConfigurationName = Release;
		};
/* End XCConfigurationList section */
	};
	rootObject = 6406ADBC2678AF2100F75208 /* Project object */;
}
